{
  "version": "5",
  "remote": {
    "https://deno.land/std@0.152.0/_util/assert.ts": "e94f2eb37cebd7f199952e242c77654e43333c1ac4c5c700e929ea3aa5489f74",
    "https://deno.land/std@0.152.0/_util/os.ts": "3b4c6e27febd119d36a416d7a97bd3b0251b77c88942c8f16ee5953ea13e2e49",
    "https://deno.land/std@0.152.0/async/deferred.ts": "bc18e28108252c9f67dfca2bbc4587c3cbf3aeb6e155f8c864ca8ecff992b98a",
    "https://deno.land/std@0.152.0/bytes/bytes_list.ts": "aba5e2369e77d426b10af1de0dcc4531acecec27f9b9056f4f7bfbf8ac147ab4",
    "https://deno.land/std@0.152.0/bytes/equals.ts": "3c3558c3ae85526f84510aa2b48ab2ad7bdd899e2e0f5b7a8ffc85acb3a6043a",
    "https://deno.land/std@0.152.0/bytes/mod.ts": "763f97d33051cc3f28af1a688dfe2830841192a9fea0cbaa55f927b49d49d0bf",
    "https://deno.land/std@0.152.0/crypto/timing_safe_equal.ts": "82a29b737bc8932d75d7a20c404136089d5d23629e94ba14efa98a8cc066c73e",
    "https://deno.land/std@0.152.0/encoding/base64.ts": "c57868ca7fa2fbe919f57f88a623ad34e3d970d675bdc1ff3a9d02bba7409db2",
    "https://deno.land/std@0.152.0/fmt/colors.ts": "6f9340b7fb8cc25a993a99e5efc56fe81bb5af284ff412129dd06df06f53c0b4",
    "https://deno.land/std@0.152.0/http/_negotiation/common.ts": "410e902f01cdd324e4746e8017595be4fc357d6fc4cd6044f2f808a943d7eaf7",
    "https://deno.land/std@0.152.0/http/_negotiation/encoding.ts": "f749c1d539d139af783e8a7741de5a47a98a5e3c9af82b8af512567ccf5fe632",
    "https://deno.land/std@0.152.0/http/_negotiation/language.ts": "53c306186904d2dace4c624a8822542866ad332a7f40ac90e0af1504f95c63d0",
    "https://deno.land/std@0.152.0/http/_negotiation/media_type.ts": "ecdda87286495f7ff25116858f5088856953e2f1585e593d314e0c71b826a137",
    "https://deno.land/std@0.152.0/http/http_errors.ts": "fe9b7f95f7ee0592c3306f8c7aed03ba53d55d1ef81e00041c1171b9588f46d9",
    "https://deno.land/std@0.152.0/http/http_status.ts": "897575a7d6bc2b9123f6a38ecbc0f03d95a532c5d92029315dc9f508e12526b8",
    "https://deno.land/std@0.152.0/http/negotiation.ts": "f35b1ff2ad4ff9feaa00ac234960b398172768205c8eceaef7f2eafe34716ba2",
    "https://deno.land/std@0.152.0/io/buffer.ts": "bd0c4bf53db4b4be916ca5963e454bddfd3fcd45039041ea161dbf826817822b",
    "https://deno.land/std@0.152.0/io/readers.ts": "45847ad404afd2f605eae1cff193f223462bc55eeb9ae313c2f3db28aada0fd6",
    "https://deno.land/std@0.152.0/media_types/_util.ts": "ce9b4fc4ba1c447dafab619055e20fd88236ca6bdd7834a21f98bd193c3fbfa1",
    "https://deno.land/std@0.152.0/media_types/mod.ts": "3829264ca0610cac40f3214f939d7733483523f82bc1041c51045d7c75fb93b8",
    "https://deno.land/std@0.152.0/media_types/vendor/mime-db.v1.52.0.ts": "724cee25fa40f1a52d3937d6b4fbbfdd7791ff55e1b7ac08d9319d5632c7f5af",
    "https://deno.land/std@0.152.0/path/_constants.ts": "df1db3ffa6dd6d1252cc9617e5d72165cd2483df90e93833e13580687b6083c3",
    "https://deno.land/std@0.152.0/path/_interface.ts": "ee3b431a336b80cf445441109d089b70d87d5e248f4f90ff906820889ecf8d09",
    "https://deno.land/std@0.152.0/path/_util.ts": "c1e9686d0164e29f7d880b2158971d805b6e0efc3110d0b3e24e4b8af2190d2b",
    "https://deno.land/std@0.152.0/path/common.ts": "bee563630abd2d97f99d83c96c2fa0cca7cee103e8cb4e7699ec4d5db7bd2633",
    "https://deno.land/std@0.152.0/path/glob.ts": "cb5255638de1048973c3e69e420c77dc04f75755524cb3b2e160fe9277d939ee",
    "https://deno.land/std@0.152.0/path/mod.ts": "56fec03ad0ebd61b6ab39ddb9b0ddb4c4a5c9f2f4f632e09dd37ec9ebfd722ac",
    "https://deno.land/std@0.152.0/path/posix.ts": "c1f7afe274290ea0b51da07ee205653b2964bd74909a82deb07b69a6cc383aaa",
    "https://deno.land/std@0.152.0/path/separator.ts": "fe1816cb765a8068afb3e8f13ad272351c85cbc739af56dacfc7d93d710fe0f9",
    "https://deno.land/std@0.152.0/path/win32.ts": "bd7549042e37879c68ff2f8576a25950abbfca1d696d41d82c7bca0b7e6f452c",
    "https://deno.land/std@0.152.0/streams/conversion.ts": "fc3db02026183da795fa32ac7549868e9f19c75ba029d4b4c3739af62b48517a",
    "https://deno.land/std@0.152.0/testing/_diff.ts": "029a00560b0d534bc0046f1bce4bd36b3b41ada3f2a3178c85686eb2ff5f1413",
    "https://deno.land/std@0.152.0/testing/_format.ts": "0d8dc79eab15b67cdc532826213bbe05bccfd276ca473a50a3fc7bbfb7260642",
    "https://deno.land/std@0.152.0/testing/asserts.ts": "093735c88f52bbead7f60a1f7a97a2ce4df3c2d5fab00a46956f20b4a5793ccd",
    "https://deno.land/std@0.177.0/_util/asserts.ts": "178dfc49a464aee693a7e285567b3d0b555dc805ff490505a8aae34f9cfb1462",
    "https://deno.land/std@0.177.0/_util/os.ts": "d932f56d41e4f6a6093d56044e29ce637f8dcc43c5a90af43504a889cf1775e3",
    "https://deno.land/std@0.177.0/path/_constants.ts": "e49961f6f4f48039c0dfed3c3f93e963ca3d92791c9d478ac5b43183413136e0",
    "https://deno.land/std@0.177.0/path/_interface.ts": "6471159dfbbc357e03882c2266d21ef9afdb1e4aa771b0545e90db58a0ba314b",
    "https://deno.land/std@0.177.0/path/_util.ts": "d7abb1e0dea065f427b89156e28cdeb32b045870acdf865833ba808a73b576d0",
    "https://deno.land/std@0.177.0/path/common.ts": "ee7505ab01fd22de3963b64e46cff31f40de34f9f8de1fff6a1bd2fe79380000",
    "https://deno.land/std@0.177.0/path/glob.ts": "d479e0a695621c94d3fd7fe7abd4f9499caf32a8de13f25073451c6ef420a4e1",
    "https://deno.land/std@0.177.0/path/mod.ts": "4b83694ac500d7d31b0cdafc927080a53dc0c3027eb2895790fb155082b0d232",
    "https://deno.land/std@0.177.0/path/posix.ts": "8b7c67ac338714b30c816079303d0285dd24af6b284f7ad63da5b27372a2c94d",
    "https://deno.land/std@0.177.0/path/separator.ts": "0fb679739d0d1d7bf45b68dacfb4ec7563597a902edbaf3c59b50d5bcadd93b1",
    "https://deno.land/std@0.177.0/path/win32.ts": "d186344e5583bcbf8b18af416d13d82b35a317116e6460a5a3953508c3de5bba",
    "https://deno.land/x/cors@v1.2.2/abcCors.ts": "cdf83a7eaa69a1bf3ab910d18b9422217902fac47601adcaf0afac5a61845d48",
    "https://deno.land/x/cors@v1.2.2/attainCors.ts": "7d6aba0f942495cc31119604e0895c9bb8edd8f8baa7fe78e6c655bd0b4cbf59",
    "https://deno.land/x/cors@v1.2.2/cors.ts": "0e2d9167e3685f9bcf48f565e312b6e1883fa458f7337e5ce7bc2e3b29767980",
    "https://deno.land/x/cors@v1.2.2/mithCors.ts": "3a359d6e716e0410ede278ab54d875b293a2d66d838aaa7cfbf9ddc1e9e990d3",
    "https://deno.land/x/cors@v1.2.2/mod.ts": "2b351913f56d77ad80cb3b8633d4539c9eeddb426dae79437ada0e6a9cb4f1a6",
    "https://deno.land/x/cors@v1.2.2/oakCors.ts": "1348dc7673c61b85d2e80559a7b44f8e0246eaa6bcc6ec744fafe5d9b13b5c71",
    "https://deno.land/x/cors@v1.2.2/opineCors.ts": "fb5790115c26b7061d84b8d6c17d258a1e241bcab75b0bc3ca1fdb2e57bc5072",
    "https://deno.land/x/cors@v1.2.2/types.ts": "97546633ccc7f0df7a29bacba5d91dc6f61decdd1b65258300244dba905d34b8",
    "https://deno.land/x/oak@v11.1.0/application.ts": "0a728331822b8e27727ceec48a8499657c3163fc48fd379a8a9578a75f3cdb62",
    "https://deno.land/x/oak@v11.1.0/body.ts": "78402a4936accb80372c4944384658105604352d6783de7ff1e36b8832dd93c9",
    "https://deno.land/x/oak@v11.1.0/buf_reader.ts": "7cf96aa0ac670b75098113cf88a291a68332cc45efa8a9698f064ac5b8098a0f",
    "https://deno.land/x/oak@v11.1.0/content_disposition.ts": "8b8c3cb2fba7138cd5b7f82fc3b5ea39b33db924a824b28261659db7e164621e",
    "https://deno.land/x/oak@v11.1.0/context.ts": "014d1ce40e62a7901411425541b0d5a08018968a330595bd686f8d00222a35bb",
    "https://deno.land/x/oak@v11.1.0/cookies.ts": "d9f94b99f26c6169c6982ce12323c41a548d001bfc28f464264c22dc3dbf2181",
    "https://deno.land/x/oak@v11.1.0/deps.ts": "b897b0f2bec99cd8b402b279b7f21de955d98cbd72835b6c912be5e11c26148b",
    "https://deno.land/x/oak@v11.1.0/etag.ts": "19918f5e1964e3fe6c9fe524a88ffbf9900ce1dfe4146b187b2a86256bb6b663",
    "https://deno.land/x/oak@v11.1.0/headers.ts": "f50fb05614432bda971021633129aa2e8737e0844e0f01c27a937997b4d8dd4f",
    "https://deno.land/x/oak@v11.1.0/helpers.ts": "42212afa07a560b2958359cc19577417e89d9574d6579551a0af36ff7f00cc6e",
    "https://deno.land/x/oak@v11.1.0/http_request.ts": "0831c828816fcb58a5aa8361c6865c4151f4c8b59fabcef2e2cd235bb28170c5",
    "https://deno.land/x/oak@v11.1.0/http_server_flash.ts": "e312754acad26d3d70f243d657547e697921f67f0a2179dbec41a20a3228fd79",
    "https://deno.land/x/oak@v11.1.0/http_server_native.ts": "549dffcd2db5cbb0e44ad50cf9c54956b42a10450b1ac66e1362e32a073c8c1b",
    "https://deno.land/x/oak@v11.1.0/http_server_native_request.ts": "07910ea2ed51af6c4e69addf9015cdd8d2b5c9ee03fd4993e386834a129a9eb6",
    "https://deno.land/x/oak@v11.1.0/isMediaType.ts": "62d638abcf837ece3a8f07a4b7ca59794135cb0d4b73194c7d5837efd4161005",
    "https://deno.land/x/oak@v11.1.0/keyStack.ts": "fa0d5898fb8ba34de1c9cdcf4b2e8434952dc9931671858d33560368784a22ef",
    "https://deno.land/x/oak@v11.1.0/mediaTyper.ts": "042b853fc8e9c3f6c628dd389e03ef481552bf07242efc3f8a1af042102a6105",
    "https://deno.land/x/oak@v11.1.0/middleware.ts": "de14f045a2ddfe845d89b5d3140ff52cbcc6f3b3965391106ce04480f9786737",
    "https://deno.land/x/oak@v11.1.0/middleware/proxy.ts": "b927232f97ec18af4185d7912e45b1191e3ffe24a9c875262ad524211b1274c9",
    "https://deno.land/x/oak@v11.1.0/mod.ts": "de52855c8f626e30ba683fb265c0a0773ba2f5f117b3549b7d9c857edba58338",
    "https://deno.land/x/oak@v11.1.0/multipart.ts": "98fe9f226de8c26a16d067027b69fb1e34ad8c4055767dd157907d06cea36f9a",
    "https://deno.land/x/oak@v11.1.0/range.ts": "68a6df7ab3b868843e33f52deb94c3d4cab25cb9ef369691990c2ac15b04fafb",
    "https://deno.land/x/oak@v11.1.0/request.ts": "5852ad36389b48e0428a6f3c90854d01f10d1b15949b56001e1e75c2a00ef0f9",
    "https://deno.land/x/oak@v11.1.0/response.ts": "867d81f7eb0c65c7b8e0e0e9e145ededd5b6daa9ad922e6adc6a36a525f439a6",
    "https://deno.land/x/oak@v11.1.0/router.ts": "187522a549f6c179ff01d321882a8bfacbfb7f3e24b004ec4534a3613c7f9b0e",
    "https://deno.land/x/oak@v11.1.0/send.ts": "7ef2591792426d62add91536bb434566d4b224247ca343fdd63e486f9d4e9446",
    "https://deno.land/x/oak@v11.1.0/server_sent_event.ts": "948b0fe4cb3fe38c7db15e476eb3b7671ef20e566d130e9f701d7c0146aa47dd",
    "https://deno.land/x/oak@v11.1.0/structured_clone.ts": "ecf42598652b8082f37252cb873d6e257ad728e6fe73c6bd61f343d94501fbde",
    "https://deno.land/x/oak@v11.1.0/testing.ts": "7612656efd2975f7a2e6848609f5971922dbec46b76372c5c623202fdd7b9a85",
    "https://deno.land/x/oak@v11.1.0/util.ts": "3af8c4ed04c6cc2bedbe66e562a77fc59c72df31c55a902a63885861ca1639d6",
    "https://deno.land/x/path_to_regexp@v6.2.1/index.ts": "894060567837bae8fc9c5cbd4d0a05e9024672083d5883b525c031eea940e556",
    "https://deno.land/x/zod@v3.23.8/ZodError.ts": "528da200fbe995157b9ae91498b103c4ef482217a5c086249507ac850bd78f52",
    "https://deno.land/x/zod@v3.23.8/errors.ts": "5285922d2be9700cc0c70c95e4858952b07ae193aa0224be3cbd5cd5567eabef",
    "https://deno.land/x/zod@v3.23.8/external.ts": "a6cfbd61e9e097d5f42f8a7ed6f92f93f51ff927d29c9fbaec04f03cbce130fe",
    "https://deno.land/x/zod@v3.23.8/helpers/enumUtil.ts": "54efc393cc9860e687d8b81ff52e980def00fa67377ad0bf8b3104f8a5bf698c",
    "https://deno.land/x/zod@v3.23.8/helpers/errorUtil.ts": "7a77328240be7b847af6de9189963bd9f79cab32bbc61502a9db4fe6683e2ea7",
    "https://deno.land/x/zod@v3.23.8/helpers/parseUtil.ts": "c14814d167cc286972b6e094df88d7d982572a08424b7cd50f862036b6fcaa77",
    "https://deno.land/x/zod@v3.23.8/helpers/partialUtil.ts": "998c2fe79795257d4d1cf10361e74492f3b7d852f61057c7c08ac0a46488b7e7",
    "https://deno.land/x/zod@v3.23.8/helpers/typeAliases.ts": "0fda31a063c6736fc3cf9090dd94865c811dfff4f3cb8707b932bf937c6f2c3e",
    "https://deno.land/x/zod@v3.23.8/helpers/util.ts": "30c273131661ca5dc973f2cfb196fa23caf3a43e224cdde7a683b72e101a31fc",
    "https://deno.land/x/zod@v3.23.8/index.ts": "d27aabd973613985574bc31f39e45cb5d856aa122ef094a9f38a463b8ef1a268",
    "https://deno.land/x/zod@v3.23.8/locales/en.ts": "a7a25cd23563ccb5e0eed214d9b31846305ddbcdb9c5c8f508b108943366ab4c",
    "https://deno.land/x/zod@v3.23.8/mod.ts": "ec6e2b1255c1a350b80188f97bd0a6bac45801bb46fc48f50b9763aa66046039",
    "https://deno.land/x/zod@v3.23.8/types.ts": "1b172c90782b1eaa837100ebb6abd726d79d6c1ec336350c8e851e0fd706bf5c"
  },
  "workspace": {
    "packageJson": {
      "dependencies": [
        "npm:@bitte-ai/chat@latest",
        "npm:@bitte-ai/react@latest",
        "npm:@mediapipe/camera_utils@~0.3.1675466862",
        "npm:@mediapipe/face_mesh@~0.4.1633559619",
        "npm:@mediapipe/hands@~0.4.1675469240",
        "npm:@mediapipe/pose@~0.5.1675469404",
        "npm:@near-wallet-selector/core@^8.9.0",
        "npm:@near-wallet-selector/wallet-utils@^8.9.0",
        "npm:@polkadot/api-contract@^10.9.1",
        "npm:@polkadot/api@^10.9.1",
        "npm:@polkadot/extension-dapp@~0.46.5",
        "npm:@polkadot/keyring@^12.3.2",
        "npm:@polkadot/types@^10.9.1",
        "npm:@polkadot/util-crypto@^12.3.2",
        "npm:@polkadot/util@^12.3.2",
        "npm:@project-serum/anchor@0.26",
        "npm:@solana/wallet-adapter-base@~0.9.23",
        "npm:@solana/wallet-adapter-react-ui@~0.9.39",
        "npm:@solana/wallet-adapter-react@~0.15.32",
        "npm:@solana/wallet-adapter-wallets@~0.19.37",
        "npm:@solana/web3.js@^1.87.6",
        "npm:@tensorflow-models/coco-ssd@^2.2.3",
        "npm:@tensorflow-models/face-landmarks-detection@^1.0.6",
        "npm:@tensorflow-models/mobilenet@^2.1.1",
        "npm:@tensorflow/tfjs-node@^4.22.0",
        "npm:@tensorflow/tfjs@^4.22.0",
        "npm:@types/bn.js@^5.2.0",
        "npm:@types/protobufjs@6",
        "npm:@types/react-router-dom@^5.3.3",
        "npm:@web3-storage/access@^20.3.0",
        "npm:@web3-storage/w3up-client@^17.3.0",
        "npm:bn.js@^5.2.2",
        "npm:clsx@2",
        "npm:cors@^2.8.5",
        "npm:express@^5.2.1",
        "npm:ipfs-http-client@^60.0.1",
        "npm:lucide-react@~0.263.1",
        "npm:near-api-js@^2.1.4",
        "npm:nft.storage@^7.2.0",
        "npm:prettier@^3.2.5",
        "npm:protobufjs-cli@2",
        "npm:react-aria-components@^1.14.0",
        "npm:react-dom@^18.2.0",
        "npm:react-router-dom@^7.9.6",
        "npm:react@^18.2.0",
        "npm:rimraf@^5.0.5",
        "npm:sonner@^1.0.3",
        "npm:tailwind-merge@^1.14.0",
        "npm:tailwindcss@^3.3.3",
        "npm:turbo@^2.6.3",
        "npm:typescript@^5.0.2",
        "npm:uuid@13",
        "npm:vite@^4.4.5",
        "npm:vitest@~0.34.4",
        "npm:web3.storage@^4.5.5"
      ]
    },
    "members": {
      "apps/backend-nestjs": {
        "packageJson": {
          "dependencies": [
            "npm:@eslint/eslintrc@^3.2.0",
            "npm:@eslint/js@^9.18.0",
            "npm:@grpc/grpc-js@^1.14.3",
            "npm:@nestjs/cli@11",
            "npm:@nestjs/common@^11.0.1",
            "npm:@nestjs/core@^11.0.1",
            "npm:@nestjs/microservices@^11.1.9",
            "npm:@nestjs/platform-express@^11.0.1",
            "npm:@nestjs/schematics@11",
            "npm:@nestjs/testing@^11.0.1",
            "npm:@types/express@5",
            "npm:@types/jest@30",
            "npm:@types/protobufjs@6",
            "npm:@types/supertest@^6.0.2",
            "npm:eslint-config-prettier@^10.0.1",
            "npm:eslint-plugin-prettier@^5.2.2",
            "npm:eslint@^9.18.0",
            "npm:globals@16",
            "npm:jest@30",
            "npm:prettier@^3.4.2",
            "npm:protobufjs-cli@2",
            "npm:reflect-metadata@~0.2.2",
            "npm:rxjs@^7.8.1",
            "npm:source-map-support@~0.5.21",
            "npm:supertest@7",
            "npm:ts-jest@^29.2.5",
            "npm:ts-loader@^9.5.2",
            "npm:ts-node@^10.9.2",
            "npm:tsconfig-paths@^4.2.0",
            "npm:typescript-eslint@^8.20.0",
            "npm:typescript@^5.7.3"
          ]
        }
      },
      "apps/web": {
        "packageJson": {
          "dependencies": [
            "npm:@coral-xyz/anchor@0.29",
            "npm:@polkadot/api-contract@^10.9.1",
            "npm:@polkadot/api@^10.9.1",
            "npm:@polkadot/extension-dapp@~0.46.5",
            "npm:@polkadot/keyring@^12.3.2",
            "npm:@polkadot/types@^10.9.1",
            "npm:@polkadot/util-crypto@^12.3.2",
            "npm:@polkadot/util@^12.3.2",
            "npm:@radix-ui/react-dropdown-menu@^2.0.6",
            "npm:@radix-ui/react-label@^2.0.2",
            "npm:@radix-ui/react-slot@^1.0.2",
            "npm:@solana/web3.js@^1.87.6",
            "npm:@storybook/addon-a11y@^8.6.0",
            "npm:@storybook/addon-docs@^8.6.0",
            "npm:@storybook/addon-essentials@^8.6.0",
            "npm:@storybook/addon-interactions@^8.6.0",
            "npm:@storybook/addon-links@^8.6.0",
            "npm:@storybook/addon-onboarding@^8.6.0",
            "npm:@storybook/blocks@^8.6.0",
            "npm:@storybook/react-vite@^8.6.0",
            "npm:@storybook/react@^8.6.0",
            "npm:@storybook/test@^8.6.0",
            "npm:@types/react-dom@^18.2.7",
            "npm:@types/react@^18.2.15",
            "npm:@typescript-eslint/eslint-plugin@6",
            "npm:@typescript-eslint/parser@6",
            "npm:@vitejs/plugin-react@^4.0.3",
            "npm:@webgpu/types@~0.1.66",
            "npm:autoprefixer@^10.4.14",
            "npm:class-variance-authority@0.7",
            "npm:clsx@2",
            "npm:hmpl-js@^3.2.1",
            "npm:lucide-react@~0.263.1",
            "npm:near-api-js@^2.1.4",
            "npm:postcss@^8.4.27",
            "npm:react-dom@^18.2.0",
            "npm:react-router-dom@^7.9.6",
            "npm:react@^18.2.0",
            "npm:storybook@^8.6.0",
            "npm:tailwind-merge@^1.14.0",
            "npm:tailwindcss-animate@^1.0.7",
            "npm:tailwindcss@^3.3.3",
            "npm:typescript@^5.0.2",
            "npm:vite@^4.4.5",
            "npm:web3.storage@^4.5.5"
          ]
        }
      },
      "packages/TypeGPU": {
        "packageJson": {
          "dependencies": [
            "npm:@biomejs/biome@^2.2.5",
            "npm:@vitest/browser@^3.2.4",
            "npm:@vitest/coverage-v8@3.1.2",
            "npm:@webgpu/types@~0.1.66",
            "npm:dpdm@^3.14.0",
            "npm:jiti@^2.6.0",
            "npm:pkg-pr-new@^0.0.41",
            "npm:tsup@^8.5.0",
            "npm:typescript@5.9.3",
            "npm:vite-imagetools@9",
            "npm:vitest@^3.2.4"
          ]
        }
      },
      "packages/backend": {
        "packageJson": {
          "dependencies": [
            "npm:@eslint/eslintrc@^3.2.0",
            "npm:@eslint/js@^9.18.0",
            "npm:@nestjs/cli@11",
            "npm:@nestjs/common@^11.0.1",
            "npm:@nestjs/core@^11.0.1",
            "npm:@nestjs/platform-express@^11.0.1",
            "npm:@nestjs/schematics@11",
            "npm:@nestjs/testing@^11.0.1",
            "npm:@types/express@5",
            "npm:@types/jest@30",
            "npm:@types/node@^22.10.7",
            "npm:@types/supertest@^6.0.2",
            "npm:eslint-config-prettier@^10.0.1",
            "npm:eslint-plugin-prettier@^5.2.2",
            "npm:eslint@^9.18.0",
            "npm:globals@16",
            "npm:jest@30",
            "npm:prettier@^3.4.2",
            "npm:reflect-metadata@~0.2.2",
            "npm:rxjs@^7.8.1",
            "npm:source-map-support@~0.5.21",
            "npm:supertest@7",
            "npm:ts-jest@^29.2.5",
            "npm:ts-loader@^9.5.2",
            "npm:ts-node@^10.9.2",
            "npm:tsconfig-paths@^4.2.0",
            "npm:typescript-eslint@^8.20.0",
            "npm:typescript@^5.7.3"
          ]
        }
      },
      "packages/filecoin-creative-storage": {
        "packageJson": {
          "dependencies": [
            "npm:@tensorflow/tfjs-node@^4.15.0",
            "npm:@tensorflow/tfjs@^4.15.0",
            "npm:@types/crypto-js@^4.2.1",
            "npm:@types/node@20",
            "npm:@types/react-dom@^18.2.0",
            "npm:@types/react@^18.2.0",
            "npm:@vitejs/plugin-react@^4.2.0",
            "npm:@web3-storage/w3cli@3",
            "npm:autoprefixer@^10.4.16",
            "npm:crypto-js@^4.2.0",
            "npm:lucide-react@0.294",
            "npm:nft.storage@^7.1.1",
            "npm:postcss@^8.4.32",
            "npm:react-dom@^18.2.0",
            "npm:react@^18.2.0",
            "npm:tailwindcss@^3.3.6",
            "npm:typescript@5",
            "npm:vite@5",
            "npm:web3.storage@^4.5.0"
          ]
        }
      },
      "packages/solana-programs": {
        "packageJson": {
          "dependencies": [
            "npm:@coral-xyz/anchor@0.29",
            "npm:@project-serum/anchor@0.26",
            "npm:@solana/spl-token@~0.3.9",
            "npm:@solana/web3.js@^1.87.6",
            "npm:@types/bn.js@^5.1.1",
            "npm:@types/chai@^4.3.0",
            "npm:@types/mocha@9",
            "npm:@types/node@^20.8.0",
            "npm:bn.js@^5.2.1",
            "npm:chai@^4.3.7",
            "npm:crypto-js@^4.1.1",
            "npm:mocha@^10.2.0",
            "npm:prettier@3",
            "npm:ts-mocha@10",
            "npm:ts-node@^10.9.1",
            "npm:typescript@^5.2.2"
          ]
        }
      }
    }
  }
}
